{
	"name": "shared",
	"lockfileVersion": 3,
	"requires": true,
	"packages": {
		"": {
			"dependencies": {
				"class-variance-authority": "^0.7.1",
				"clsx": "^2.1.1",
				"lucide-react": "^0.544.0",
				"react": "^19.1.1",
				"react-dom": "^19.1.1",
				"react-router-dom": "^7.9.0",
				"tailwind-merge": "^3.3.1"
			},
			"devDependencies": {
				"@types/react": "^19.1.12",
				"@types/react-dom": "^19.1.9"
			}
		},
		"node_modules/@types/react": {
			"version": "19.1.12",
			"dev": true,
			"license": "MIT",
			"dependencies": {
				"csstype": "^3.0.2"
			}
		},
		"node_modules/@types/react-dom": {
			"version": "19.1.9",
			"dev": true,
			"license": "MIT",
			"peerDependencies": {
				"@types/react": "^19.0.0"
			}
		},
		"node_modules/class-variance-authority": {
			"version": "0.7.1",
			"resolved": "https://registry.npmjs.org/class-variance-authority/-/class-variance-authority-0.7.1.tgz",
			"integrity": "sha512-Ka+9Trutv7G8M6WT6SeiRWz792K5qEqIGEGzXKhAE6xOWAY6pPH8U+9IY3oCMv6kqTmLsv7Xh/2w2RigkePMsg==",
			"license": "Apache-2.0",
			"dependencies": {
				"clsx": "^2.1.1"
			},
			"funding": {
				"url": "https://polar.sh/cva"
			}
		},
		"node_modules/clsx": {
			"version": "2.1.1",
			"license": "MIT",
			"engines": {
				"node": ">=6"
			}
		},
		"node_modules/cookie": {
			"version": "1.0.2",
			"resolved": "https://registry.npmjs.org/cookie/-/cookie-1.0.2.tgz",
			"integrity": "sha512-9Kr/j4O16ISv8zBBhJoi4bXOYNTkFLOqSL3UDB0njXxCXNezjeyVrJyGOWtgfs/q2km1gwBcfH8q1yEGoMYunA==",
			"license": "MIT",
			"engines": {
				"node": ">=18"
			}
		},
		"node_modules/csstype": {
			"version": "3.1.3",
			"resolved": "https://registry.npmjs.org/csstype/-/csstype-3.1.3.tgz",
			"integrity": "sha512-M1uQkMl8rQK/szD0LNhtqxIPLpimGm8sOBwU7lLnCpSbTyY3yeU1Vc7l4KT5zT4s/yOxHH5O7tIuuLOCnLADRw==",
			"dev": true,
			"license": "MIT"
		},
		"node_modules/lucide-react": {
			"version": "0.544.0",
			"resolved": "https://registry.npmjs.org/lucide-react/-/lucide-react-0.544.0.tgz",
			"integrity": "sha512-t5tS44bqd825zAW45UQxpG2CvcC4urOwn2TrwSH8u+MjeE+1NnWl6QqeQ/6NdjMqdOygyiT9p3Ev0p1NJykxjw==",
			"license": "ISC",
			"peerDependencies": {
				"react": "^16.5.1 || ^17.0.0 || ^18.0.0 || ^19.0.0"
			}
		},
		"node_modules/react": {
			"version": "19.1.1",
			"license": "MIT",
			"engines": {
				"node": ">=0.10.0"
			}
		},
		"node_modules/react-dom": {
			"version": "19.1.1",
			"license": "MIT",
			"dependencies": {
				"scheduler": "^0.26.0"
			},
			"peerDependencies": {
				"react": "^19.1.1"
			}
		},
		"node_modules/react-router": {
			"version": "7.9.0",
			"resolved": "https://registry.npmjs.org/react-router/-/react-router-7.9.0.tgz",
			"integrity": "sha512-gmmc2UNj8oS8Z2JGpfAmhLv+j5O9Xciv2HAGZN0rV//ycoe1E40xN3ovqLZD7PsMDkoJvsbASE8TjAY+Xm7DKQ==",
			"license": "MIT",
			"dependencies": {
				"cookie": "^1.0.1",
				"set-cookie-parser": "^2.6.0"
			},
			"engines": {
				"node": ">=20.0.0"
			},
			"peerDependencies": {
				"react": ">=18",
				"react-dom": ">=18"
			},
			"peerDependenciesMeta": {
				"react-dom": {
					"optional": true
				}
			}
		},
		"node_modules/react-router-dom": {
			"version": "7.9.0",
			"resolved": "https://registry.npmjs.org/react-router-dom/-/react-router-dom-7.9.0.tgz",
			"integrity": "sha512-IEGU2Dzwmh9KVtjiwi0g/JjaStaOjrslI9aU7BhKhEpKYHnfpS7euvNi+b4uWXQaj45/dh0zsqjCmq0x6GYmRA==",
			"license": "MIT",
			"dependencies": {
				"react-router": "7.9.0"
			},
			"engines": {
				"node": ">=20.0.0"
			},
			"peerDependencies": {
				"react": ">=18",
				"react-dom": ">=18"
			}
		},
		"node_modules/scheduler": {
			"version": "0.26.0",
			"resolved": "https://registry.npmjs.org/scheduler/-/scheduler-0.26.0.tgz",
			"integrity": "sha512-NlHwttCI/l5gCPR3D1nNXtWABUmBwvZpEQiD4IXSbIDq8BzLIK/7Ir5gTFSGZDUu37K5cMNp0hFtzO38sC7gWA==",
			"license": "MIT"
		},
		"node_modules/set-cookie-parser": {
			"version": "2.7.1",
			"resolved": "https://registry.npmjs.org/set-cookie-parser/-/set-cookie-parser-2.7.1.tgz",
			"integrity": "sha512-IOc8uWeOZgnb3ptbCURJWNjWUPcO3ZnTTdzsurqERrP6nPyv+paC55vJM0LpOlT2ne+Ix+9+CRG1MNLlyZ4GjQ==",
			"license": "MIT"
		},
		"node_modules/tailwind-merge": {
			"version": "3.3.1",
			"license": "MIT",
			"funding": {
				"type": "github",
				"url": "https://github.com/sponsors/dcastil"
			}
		}
	}
}
